
Microsoft Visual Studio Solution File, Format Version 12.00
# Visual Studio Version 17
VisualStudioVersion = 17.14.36414.22
MinimumVisualStudioVersion = 10.0.40219.1
Project("{FAE04EC0-301F-11D3-BF4B-00C04F79EFBC}") = "BAMF_API", "BAMF_API.csproj", "{7BF36C61-3EE0-45BE-86FC-E668E7345BA3}"
EndProject
Project("{FAE04EC0-301F-11D3-BF4B-00C04F79EFBC}") = "BAMF_TESTS", "BAMF_TESTS\BAMF_TESTS.csproj", "{96F12D41-C659-44A6-9AD6-CBFDC62F45A5}"
EndProject
Global
	GlobalSection(SolutionConfigurationPlatforms) = preSolution
		Debug|Any CPU = Debug|Any CPU
		Release|Any CPU = Release|Any CPU
	EndGlobalSection
	GlobalSection(ProjectConfigurationPlatforms) = postSolution
		{7BF36C61-3EE0-45BE-86FC-E668E7345BA3}.Debug|Any CPU.ActiveCfg = Debug|Any CPU
		{7BF36C61-3EE0-45BE-86FC-E668E7345BA3}.Debug|Any CPU.Build.0 = Debug|Any CPU
		{7BF36C61-3EE0-45BE-86FC-E668E7345BA3}.Release|Any CPU.ActiveCfg = Release|Any CPU
		{7BF36C61-3EE0-45BE-86FC-E668E7345BA3}.Release|Any CPU.Build.0 = Release|Any CPU
		{96F12D41-C659-44A6-9AD6-CBFDC62F45A5}.Debug|Any CPU.ActiveCfg = Debug|Any CPU
		{96F12D41-C659-44A6-9AD6-CBFDC62F45A5}.Debug|Any CPU.Build.0 = Debug|Any CPU
		{96F12D41-C659-44A6-9AD6-CBFDC62F45A5}.Release|Any CPU.ActiveCfg = Release|Any CPU
		{96F12D41-C659-44A6-9AD6-CBFDC62F45A5}.Release|Any CPU.Build.0 = Release|Any CPU
	EndGlobalSection
	GlobalSection(SolutionProperties) = preSolution
		HideSolutionNode = FALSE
	EndGlobalSection
	GlobalSection(ExtensibilityGlobals) = postSolution
		SolutionGuid = {853601D2-86DD-4016-87C9-14583829D3AF}
	EndGlobalSection
EndGlobal
